{
    "_readme": [
        "This file locks the dependencies of your project to a known state",
        "Read more about it at https://getcomposer.org/doc/01-basic-usage.md#installing-dependencies",
        "This file is @generated automatically"
    ],
    "content-hash": "cf2f8619a337ff18844719527cfe60ec",
    "packages": [
        {
            "name": "sitepilot/wp-theme",
            "version": "v1.0.0",
            "source": {
                "type": "git",
                "url": "https://github.com/sitepilot/wp-theme.git",
                "reference": "8ead16e9b87b01923a2d64c6e9bd3b9fcf79e4e0"
            },
            "dist": {
                "type": "zip",
                "url": "https://api.github.com/repos/sitepilot/wp-theme/zipball/8ead16e9b87b01923a2d64c6e9bd3b9fcf79e4e0",
                "reference": "8ead16e9b87b01923a2d64c6e9bd3b9fcf79e4e0",
                "shasum": ""
            },
            "type": "library",
            "autoload": {
                "psr-4": {
                    "Sitepilot\\WpTheme\\": "src/"
                }
            },
            "notification-url": "https://packagist.org/downloads/",
            "license": [
                "GPL-3.0-or-later"
            ],
            "authors": [
                {
                    "name": "Nick Jansen",
                    "email": "n.jansen@sitepilot.io"
                }
            ],
            "description": "WordPress theme framework by Sitepilot.",
            "support": {
                "issues": "https://github.com/sitepilot/wp-theme/issues",
                "source": "https://github.com/sitepilot/wp-theme/tree/v1.0.0"
            },
            "time": "2022-03-01T13:42:06+00:00"
        }
    ],
    "packages-dev": [],
    "aliases": [],
    "minimum-stability": "dev",
    "stability-flags": [],
    "prefer-stable": true,
    "prefer-lowest": false,
    "platform": [],
    "platform-dev": [],
    "plugin-api-version": "2.2.0"
}
