{
    "_readme": [
        "This file locks the dependencies of your project to a known state",
        "Read more about it at https://getcomposer.org/doc/01-basic-usage.md#installing-dependencies",
        "This file is @generated automatically"
    ],
    "content-hash": "94f8ec21c2e333f8eb3704a05d9ad548",
    "packages": [
        {
            "name": "sitepilot/wp-theme",
            "version": "v1.0.2",
            "source": {
                "type": "git",
                "url": "https://github.com/sitepilot/wp-theme.git",
                "reference": "b09294fc5efad258f1137dda6c841bed41544a12"
            },
            "dist": {
                "type": "zip",
                "url": "https://api.github.com/repos/sitepilot/wp-theme/zipball/b09294fc5efad258f1137dda6c841bed41544a12",
                "reference": "b09294fc5efad258f1137dda6c841bed41544a12",
                "shasum": ""
            },
            "require": {
                "php": "^7.4|^8.0"
            },
            "type": "library",
            "autoload": {
                "psr-4": {
                    "Sitepilot\\WpTheme\\": "src/"
                }
            },
            "notification-url": "https://packagist.org/downloads/",
            "license": [
                "GPL-3.0-or-later"
            ],
            "authors": [
                {
                    "name": "Nick Jansen",
                    "email": "n.jansen@sitepilot.io"
                }
            ],
            "description": "WordPress theme framework by Sitepilot.",
            "support": {
                "issues": "https://github.com/sitepilot/wp-theme/issues",
                "source": "https://github.com/sitepilot/wp-theme/tree/v1.0.2"
            },
            "time": "2022-03-01T14:20:11+00:00"
        }
    ],
    "packages-dev": [],
    "aliases": [],
    "minimum-stability": "dev",
    "stability-flags": [],
    "prefer-stable": true,
    "prefer-lowest": false,
    "platform": {
        "php": "^7.4|^8.0"
    },
    "platform-dev": [],
    "plugin-api-version": "2.2.0"
}
